// !$*UTF8*$!
{
	archiveVersion = 1;
	classes = {
	};
	objectVersion = 46;
	objects = {

/* Begin PBXBuildFile section */
		5A5668508B92FC833070BA13 /* libPods-ConferencesTests.a in Frameworks */ = {isa = PBXBuildFile; fileRef = 5E72B1E234365770B87BDC6D /* libPods-ConferencesTests.a */; };
		636B63E41BBDCEEA0053E38F /* Event+CoreDataProperties.m in Sources */ = {isa = PBXBuildFile; fileRef = 636B63CD1BBDCEEA0053E38F /* Event+CoreDataProperties.m */; settings = {ASSET_TAGS = (); }; };
		636B63E51BBDCEEA0053E38F /* Event.m in Sources */ = {isa = PBXBuildFile; fileRef = 636B63CF1BBDCEEA0053E38F /* Event.m */; settings = {ASSET_TAGS = (); }; };
		636B63E61BBDCEEA0053E38F /* Lecture+CoreDataProperties.m in Sources */ = {isa = PBXBuildFile; fileRef = 636B63D11BBDCEEA0053E38F /* Lecture+CoreDataProperties.m */; settings = {ASSET_TAGS = (); }; };
		636B63E71BBDCEEA0053E38F /* Lecture.m in Sources */ = {isa = PBXBuildFile; fileRef = 636B63D31BBDCEEA0053E38F /* Lecture.m */; settings = {ASSET_TAGS = (); }; };
		636B63E81BBDCEEA0053E38F /* RegistrationQuestion+CoreDataProperties.m in Sources */ = {isa = PBXBuildFile; fileRef = 636B63D51BBDCEEA0053E38F /* RegistrationQuestion+CoreDataProperties.m */; settings = {ASSET_TAGS = (); }; };
		636B63E91BBDCEEA0053E38F /* RegistrationQuestion.m in Sources */ = {isa = PBXBuildFile; fileRef = 636B63D71BBDCEEA0053E38F /* RegistrationQuestion.m */; settings = {ASSET_TAGS = (); }; };
		636B63EA1BBDCEEA0053E38F /* SocialNetworkAccount+CoreDataProperties.m in Sources */ = {isa = PBXBuildFile; fileRef = 636B63D91BBDCEEA0053E38F /* SocialNetworkAccount+CoreDataProperties.m */; settings = {ASSET_TAGS = (); }; };
		636B63EB1BBDCEEA0053E38F /* SocialNetworkAccount.m in Sources */ = {isa = PBXBuildFile; fileRef = 636B63DB1BBDCEEA0053E38F /* SocialNetworkAccount.m */; settings = {ASSET_TAGS = (); }; };
		636B63EC1BBDCEEA0053E38F /* Speaker+CoreDataProperties.m in Sources */ = {isa = PBXBuildFile; fileRef = 636B63DD1BBDCEEA0053E38F /* Speaker+CoreDataProperties.m */; settings = {ASSET_TAGS = (); }; };
		636B63ED1BBDCEEA0053E38F /* Speaker.m in Sources */ = {isa = PBXBuildFile; fileRef = 636B63DF1BBDCEEA0053E38F /* Speaker.m */; settings = {ASSET_TAGS = (); }; };
		636B63EE1BBDCEEA0053E38F /* LectureMaterials+CoreDataProperties.m in Sources */ = {isa = PBXBuildFile; fileRef = 636B63E11BBDCEEA0053E38F /* LectureMaterials+CoreDataProperties.m */; settings = {ASSET_TAGS = (); }; };
		636B63EF1BBDCEEA0053E38F /* LectureMaterials.m in Sources */ = {isa = PBXBuildFile; fileRef = 636B63E31BBDCEEA0053E38F /* LectureMaterials.m */; settings = {ASSET_TAGS = (); }; };
		636B63FF1BBDD0C70053E38F /* RCFEventServiceEmplementation.m in Sources */ = {isa = PBXBuildFile; fileRef = 636B63FE1BBDD0C70053E38F /* RCFEventServiceEmplementation.m */; settings = {ASSET_TAGS = (); }; };
		636B64041BBDD19A0053E38F /* RCFLectureServiceImplementation.m in Sources */ = {isa = PBXBuildFile; fileRef = 636B64031BBDD19A0053E38F /* RCFLectureServiceImplementation.m */; settings = {ASSET_TAGS = (); }; };
		636B64071BBDD2A40053E38F /* RCFLectureMaterialsServiceImplementation.m in Sources */ = {isa = PBXBuildFile; fileRef = 636B64061BBDD2A40053E38F /* RCFLectureMaterialsServiceImplementation.m */; settings = {ASSET_TAGS = (); }; };
		636B640A1BBDD3FA0053E38F /* RCFRegistrationQuestionServiceImplementation.m in Sources */ = {isa = PBXBuildFile; fileRef = 636B64091BBDD3FA0053E38F /* RCFRegistrationQuestionServiceImplementation.m */; settings = {ASSET_TAGS = (); }; };
		636B640D1BBDD5000053E38F /* RCFSocialNetworkAccountServiceImplementation.m in Sources */ = {isa = PBXBuildFile; fileRef = 636B640C1BBDD5000053E38F /* RCFSocialNetworkAccountServiceImplementation.m */; settings = {ASSET_TAGS = (); }; };
		636B64101BBDD6260053E38F /* RCFSpeakerServiceImplementation.m in Sources */ = {isa = PBXBuildFile; fileRef = 636B640F1BBDD6260053E38F /* RCFSpeakerServiceImplementation.m */; settings = {ASSET_TAGS = (); }; };
		6373A4101BBDC5EA00DF67FF /* Conference.xcdatamodeld in Sources */ = {isa = PBXBuildFile; fileRef = 6373A40E1BBDC5EA00DF67FF /* Conference.xcdatamodeld */; settings = {ASSET_TAGS = (); }; };
		63FDCE061BBDBA2A00A43B60 /* AppDelegate.m in Sources */ = {isa = PBXBuildFile; fileRef = 63FDCDDC1BBDBA2A00A43B60 /* AppDelegate.m */; settings = {ASSET_TAGS = (); }; };
		63FDCE141BBDBA2A00A43B60 /* Assets.xcassets in Resources */ = {isa = PBXBuildFile; fileRef = 63FDCE021BBDBA2A00A43B60 /* Assets.xcassets */; settings = {ASSET_TAGS = (); }; };
		63FDCE151BBDBA2A00A43B60 /* Info.plist in Resources */ = {isa = PBXBuildFile; fileRef = 63FDCE041BBDBA2A00A43B60 /* Info.plist */; settings = {ASSET_TAGS = (); }; };
		63FDCE161BBDBA2A00A43B60 /* main.m in Sources */ = {isa = PBXBuildFile; fileRef = 63FDCE051BBDBA2A00A43B60 /* main.m */; settings = {ASSET_TAGS = (); }; };
		9F1830931BC02293000E21A5 /* RCFRESTRequestConfigurator.m in Sources */ = {isa = PBXBuildFile; fileRef = 9F1830921BC02293000E21A5 /* RCFRESTRequestConfigurator.m */; settings = {ASSET_TAGS = (); }; };
		9F18309A1BC022EA000E21A5 /* RCFRESTRequestConfiguratorTests.m in Sources */ = {isa = PBXBuildFile; fileRef = 9F1830991BC022EA000E21A5 /* RCFRESTRequestConfiguratorTests.m */; settings = {ASSET_TAGS = (); }; };
		9F18309F1BC024A9000E21A5 /* RCFRequestDataModel.m in Sources */ = {isa = PBXBuildFile; fileRef = 9F18309E1BC024A9000E21A5 /* RCFRequestDataModel.m */; settings = {ASSET_TAGS = (); }; };
		9F1830A71BC032CF000E21A5 /* RCFParseRequestSigner.m in Sources */ = {isa = PBXBuildFile; fileRef = 9F1830A61BC032CF000E21A5 /* RCFParseRequestSigner.m */; settings = {ASSET_TAGS = (); }; };
		9F1830AB1BC1139B000E21A5 /* RCFParseRequestSignerTests.m in Sources */ = {isa = PBXBuildFile; fileRef = 9F1830AA1BC1139B000E21A5 /* RCFParseRequestSignerTests.m */; settings = {ASSET_TAGS = (); }; };
		F826C56E7FA67515D33573A9 /* libPods.a in Frameworks */ = {isa = PBXBuildFile; fileRef = 2A4F504A716A8833A7A01A5D /* libPods.a */; };
/* End PBXBuildFile section */

/* Begin PBXContainerItemProxy section */
		9F1F38011BBBB80D00C7797D /* PBXContainerItemProxy */ = {
			isa = PBXContainerItemProxy;
			containerPortal = 9F1F37DC1BBBB80D00C7797D /* Project object */;
			proxyType = 1;
			remoteGlobalIDString = 9F1F37E31BBBB80D00C7797D;
			remoteInfo = Conferences;
		};
/* End PBXContainerItemProxy section */

/* Begin PBXFileReference section */
		2A4F504A716A8833A7A01A5D /* libPods.a */ = {isa = PBXFileReference; explicitFileType = archive.ar; includeInIndex = 0; path = libPods.a; sourceTree = BUILT_PRODUCTS_DIR; };
		2C01BA17D4018DCA62CC6C3B /* Pods-ConferencesTests.debug.xcconfig */ = {isa = PBXFileReference; includeInIndex = 1; lastKnownFileType = text.xcconfig; name = "Pods-ConferencesTests.debug.xcconfig"; path = "Pods/Target Support Files/Pods-ConferencesTests/Pods-ConferencesTests.debug.xcconfig"; sourceTree = "<group>"; };
		559ED4EDBC100544852E4E6A /* Pods.debug.xcconfig */ = {isa = PBXFileReference; includeInIndex = 1; lastKnownFileType = text.xcconfig; name = Pods.debug.xcconfig; path = "Pods/Target Support Files/Pods/Pods.debug.xcconfig"; sourceTree = "<group>"; };
		5E72B1E234365770B87BDC6D /* libPods-ConferencesTests.a */ = {isa = PBXFileReference; explicitFileType = archive.ar; includeInIndex = 0; path = "libPods-ConferencesTests.a"; sourceTree = BUILT_PRODUCTS_DIR; };
		5FED76184BAB5478101AC945 /* Pods-ConferencesTests.release.xcconfig */ = {isa = PBXFileReference; includeInIndex = 1; lastKnownFileType = text.xcconfig; name = "Pods-ConferencesTests.release.xcconfig"; path = "Pods/Target Support Files/Pods-ConferencesTests/Pods-ConferencesTests.release.xcconfig"; sourceTree = "<group>"; };
		636B63C91BBDCC550053E38F /* RCFLectureMaterialsService.h */ = {isa = PBXFileReference; fileEncoding = 4; lastKnownFileType = sourcecode.c.h; path = RCFLectureMaterialsService.h; sourceTree = "<group>"; };
		636B63CA1BBDCC720053E38F /* RCFLectureService.h */ = {isa = PBXFileReference; fileEncoding = 4; lastKnownFileType = sourcecode.c.h; path = RCFLectureService.h; sourceTree = "<group>"; };
		636B63CB1BBDCC910053E38F /* RCFSocialNetworkAccountService.h */ = {isa = PBXFileReference; fileEncoding = 4; lastKnownFileType = sourcecode.c.h; path = RCFSocialNetworkAccountService.h; sourceTree = "<group>"; };
		636B63CC1BBDCEEA0053E38F /* Event+CoreDataProperties.h */ = {isa = PBXFileReference; fileEncoding = 4; lastKnownFileType = sourcecode.c.h; path = "Event+CoreDataProperties.h"; sourceTree = "<group>"; };
		636B63CD1BBDCEEA0053E38F /* Event+CoreDataProperties.m */ = {isa = PBXFileReference; fileEncoding = 4; lastKnownFileType = sourcecode.c.objc; path = "Event+CoreDataProperties.m"; sourceTree = "<group>"; };
		636B63CE1BBDCEEA0053E38F /* Event.h */ = {isa = PBXFileReference; fileEncoding = 4; lastKnownFileType = sourcecode.c.h; path = Event.h; sourceTree = "<group>"; };
		636B63CF1BBDCEEA0053E38F /* Event.m */ = {isa = PBXFileReference; fileEncoding = 4; lastKnownFileType = sourcecode.c.objc; path = Event.m; sourceTree = "<group>"; };
		636B63D01BBDCEEA0053E38F /* Lecture+CoreDataProperties.h */ = {isa = PBXFileReference; fileEncoding = 4; lastKnownFileType = sourcecode.c.h; path = "Lecture+CoreDataProperties.h"; sourceTree = "<group>"; };
		636B63D11BBDCEEA0053E38F /* Lecture+CoreDataProperties.m */ = {isa = PBXFileReference; fileEncoding = 4; lastKnownFileType = sourcecode.c.objc; path = "Lecture+CoreDataProperties.m"; sourceTree = "<group>"; };
		636B63D21BBDCEEA0053E38F /* Lecture.h */ = {isa = PBXFileReference; fileEncoding = 4; lastKnownFileType = sourcecode.c.h; path = Lecture.h; sourceTree = "<group>"; };
		636B63D31BBDCEEA0053E38F /* Lecture.m */ = {isa = PBXFileReference; fileEncoding = 4; lastKnownFileType = sourcecode.c.objc; path = Lecture.m; sourceTree = "<group>"; };
		636B63D41BBDCEEA0053E38F /* RegistrationQuestion+CoreDataProperties.h */ = {isa = PBXFileReference; fileEncoding = 4; lastKnownFileType = sourcecode.c.h; path = "RegistrationQuestion+CoreDataProperties.h"; sourceTree = "<group>"; };
		636B63D51BBDCEEA0053E38F /* RegistrationQuestion+CoreDataProperties.m */ = {isa = PBXFileReference; fileEncoding = 4; lastKnownFileType = sourcecode.c.objc; path = "RegistrationQuestion+CoreDataProperties.m"; sourceTree = "<group>"; };
		636B63D61BBDCEEA0053E38F /* RegistrationQuestion.h */ = {isa = PBXFileReference; fileEncoding = 4; lastKnownFileType = sourcecode.c.h; path = RegistrationQuestion.h; sourceTree = "<group>"; };
		636B63D71BBDCEEA0053E38F /* RegistrationQuestion.m */ = {isa = PBXFileReference; fileEncoding = 4; lastKnownFileType = sourcecode.c.objc; path = RegistrationQuestion.m; sourceTree = "<group>"; };
		636B63D81BBDCEEA0053E38F /* SocialNetworkAccount+CoreDataProperties.h */ = {isa = PBXFileReference; fileEncoding = 4; lastKnownFileType = sourcecode.c.h; path = "SocialNetworkAccount+CoreDataProperties.h"; sourceTree = "<group>"; };
		636B63D91BBDCEEA0053E38F /* SocialNetworkAccount+CoreDataProperties.m */ = {isa = PBXFileReference; fileEncoding = 4; lastKnownFileType = sourcecode.c.objc; path = "SocialNetworkAccount+CoreDataProperties.m"; sourceTree = "<group>"; };
		636B63DA1BBDCEEA0053E38F /* SocialNetworkAccount.h */ = {isa = PBXFileReference; fileEncoding = 4; lastKnownFileType = sourcecode.c.h; path = SocialNetworkAccount.h; sourceTree = "<group>"; };
		636B63DB1BBDCEEA0053E38F /* SocialNetworkAccount.m */ = {isa = PBXFileReference; fileEncoding = 4; lastKnownFileType = sourcecode.c.objc; path = SocialNetworkAccount.m; sourceTree = "<group>"; };
		636B63DC1BBDCEEA0053E38F /* Speaker+CoreDataProperties.h */ = {isa = PBXFileReference; fileEncoding = 4; lastKnownFileType = sourcecode.c.h; path = "Speaker+CoreDataProperties.h"; sourceTree = "<group>"; };
		636B63DD1BBDCEEA0053E38F /* Speaker+CoreDataProperties.m */ = {isa = PBXFileReference; fileEncoding = 4; lastKnownFileType = sourcecode.c.objc; path = "Speaker+CoreDataProperties.m"; sourceTree = "<group>"; };
		636B63DE1BBDCEEA0053E38F /* Speaker.h */ = {isa = PBXFileReference; fileEncoding = 4; lastKnownFileType = sourcecode.c.h; path = Speaker.h; sourceTree = "<group>"; };
		636B63DF1BBDCEEA0053E38F /* Speaker.m */ = {isa = PBXFileReference; fileEncoding = 4; lastKnownFileType = sourcecode.c.objc; path = Speaker.m; sourceTree = "<group>"; };
		636B63E01BBDCEEA0053E38F /* LectureMaterials+CoreDataProperties.h */ = {isa = PBXFileReference; fileEncoding = 4; lastKnownFileType = sourcecode.c.h; path = "LectureMaterials+CoreDataProperties.h"; sourceTree = "<group>"; };
		636B63E11BBDCEEA0053E38F /* LectureMaterials+CoreDataProperties.m */ = {isa = PBXFileReference; fileEncoding = 4; lastKnownFileType = sourcecode.c.objc; path = "LectureMaterials+CoreDataProperties.m"; sourceTree = "<group>"; };
		636B63E21BBDCEEA0053E38F /* LectureMaterials.h */ = {isa = PBXFileReference; fileEncoding = 4; lastKnownFileType = sourcecode.c.h; path = LectureMaterials.h; sourceTree = "<group>"; };
		636B63E31BBDCEEA0053E38F /* LectureMaterials.m */ = {isa = PBXFileReference; fileEncoding = 4; lastKnownFileType = sourcecode.c.objc; path = LectureMaterials.m; sourceTree = "<group>"; };
		636B63FD1BBDD0C70053E38F /* RCFEventServiceEmplementation.h */ = {isa = PBXFileReference; fileEncoding = 4; lastKnownFileType = sourcecode.c.h; path = RCFEventServiceEmplementation.h; sourceTree = "<group>"; };
		636B63FE1BBDD0C70053E38F /* RCFEventServiceEmplementation.m */ = {isa = PBXFileReference; fileEncoding = 4; lastKnownFileType = sourcecode.c.objc; path = RCFEventServiceEmplementation.m; sourceTree = "<group>"; };
		636B64021BBDD19A0053E38F /* RCFLectureServiceImplementation.h */ = {isa = PBXFileReference; fileEncoding = 4; lastKnownFileType = sourcecode.c.h; path = RCFLectureServiceImplementation.h; sourceTree = "<group>"; };
		636B64031BBDD19A0053E38F /* RCFLectureServiceImplementation.m */ = {isa = PBXFileReference; fileEncoding = 4; lastKnownFileType = sourcecode.c.objc; path = RCFLectureServiceImplementation.m; sourceTree = "<group>"; };
		636B64051BBDD2A40053E38F /* RCFLectureMaterialsServiceImplementation.h */ = {isa = PBXFileReference; fileEncoding = 4; lastKnownFileType = sourcecode.c.h; path = RCFLectureMaterialsServiceImplementation.h; sourceTree = "<group>"; };
		636B64061BBDD2A40053E38F /* RCFLectureMaterialsServiceImplementation.m */ = {isa = PBXFileReference; fileEncoding = 4; lastKnownFileType = sourcecode.c.objc; path = RCFLectureMaterialsServiceImplementation.m; sourceTree = "<group>"; };
		636B64081BBDD3FA0053E38F /* RCFRegistrationQuestionServiceImplementation.h */ = {isa = PBXFileReference; fileEncoding = 4; lastKnownFileType = sourcecode.c.h; path = RCFRegistrationQuestionServiceImplementation.h; sourceTree = "<group>"; };
		636B64091BBDD3FA0053E38F /* RCFRegistrationQuestionServiceImplementation.m */ = {isa = PBXFileReference; fileEncoding = 4; lastKnownFileType = sourcecode.c.objc; path = RCFRegistrationQuestionServiceImplementation.m; sourceTree = "<group>"; };
		636B640B1BBDD5000053E38F /* RCFSocialNetworkAccountServiceImplementation.h */ = {isa = PBXFileReference; fileEncoding = 4; lastKnownFileType = sourcecode.c.h; path = RCFSocialNetworkAccountServiceImplementation.h; sourceTree = "<group>"; };
		636B640C1BBDD5000053E38F /* RCFSocialNetworkAccountServiceImplementation.m */ = {isa = PBXFileReference; fileEncoding = 4; lastKnownFileType = sourcecode.c.objc; path = RCFSocialNetworkAccountServiceImplementation.m; sourceTree = "<group>"; };
		636B640E1BBDD6260053E38F /* RCFSpeakerServiceImplementation.h */ = {isa = PBXFileReference; fileEncoding = 4; lastKnownFileType = sourcecode.c.h; path = RCFSpeakerServiceImplementation.h; sourceTree = "<group>"; };
		636B640F1BBDD6260053E38F /* RCFSpeakerServiceImplementation.m */ = {isa = PBXFileReference; fileEncoding = 4; lastKnownFileType = sourcecode.c.objc; path = RCFSpeakerServiceImplementation.m; sourceTree = "<group>"; };
		6373A3E61BBDBFDC00DF67FF /* RCFEventService.h */ = {isa = PBXFileReference; fileEncoding = 4; lastKnownFileType = sourcecode.c.h; path = RCFEventService.h; sourceTree = "<group>"; };
		6373A3E71BBDC02100DF67FF /* RCFRegistrationQuestionService.h */ = {isa = PBXFileReference; fileEncoding = 4; lastKnownFileType = sourcecode.c.h; path = RCFRegistrationQuestionService.h; sourceTree = "<group>"; };
		6373A3E91BBDC05900DF67FF /* RCFSpeakerService.h */ = {isa = PBXFileReference; fileEncoding = 4; lastKnownFileType = sourcecode.c.h; path = RCFSpeakerService.h; sourceTree = "<group>"; };
		6373A40F1BBDC5EA00DF67FF /* Conference.xcdatamodel */ = {isa = PBXFileReference; lastKnownFileType = wrapper.xcdatamodel; path = Conference.xcdatamodel; sourceTree = "<group>"; };
		63FDCDDB1BBDBA2A00A43B60 /* AppDelegate.h */ = {isa = PBXFileReference; fileEncoding = 4; lastKnownFileType = sourcecode.c.h; path = AppDelegate.h; sourceTree = "<group>"; };
		63FDCDDC1BBDBA2A00A43B60 /* AppDelegate.m */ = {isa = PBXFileReference; fileEncoding = 4; lastKnownFileType = sourcecode.c.objc; path = AppDelegate.m; sourceTree = "<group>"; };
		63FDCE021BBDBA2A00A43B60 /* Assets.xcassets */ = {isa = PBXFileReference; lastKnownFileType = folder.assetcatalog; path = Assets.xcassets; sourceTree = "<group>"; };
		63FDCE041BBDBA2A00A43B60 /* Info.plist */ = {isa = PBXFileReference; fileEncoding = 4; lastKnownFileType = text.plist.xml; path = Info.plist; sourceTree = "<group>"; };
		63FDCE051BBDBA2A00A43B60 /* main.m */ = {isa = PBXFileReference; fileEncoding = 4; lastKnownFileType = sourcecode.c.objc; path = main.m; sourceTree = "<group>"; };
		84D2CBEF6E088EFC9A139E49 /* Pods.release.xcconfig */ = {isa = PBXFileReference; includeInIndex = 1; lastKnownFileType = text.xcconfig; name = Pods.release.xcconfig; path = "Pods/Target Support Files/Pods/Pods.release.xcconfig"; sourceTree = "<group>"; };
		9F18308E1BC01F1E000E21A5 /* RCFRequestConfigurator.h */ = {isa = PBXFileReference; fileEncoding = 4; lastKnownFileType = sourcecode.c.h; name = RCFRequestConfigurator.h; path = CoreComponents/RequestConfigurators/Protocols/RCFRequestConfigurator.h; sourceTree = "<group>"; };
		9F1830911BC02293000E21A5 /* RCFRESTRequestConfigurator.h */ = {isa = PBXFileReference; fileEncoding = 4; lastKnownFileType = sourcecode.c.h; name = RCFRESTRequestConfigurator.h; path = CoreComponents/RequestConfigurators/ConcreteClasses/RESTRequestConfigurator/RCFRESTRequestConfigurator.h; sourceTree = "<group>"; };
		9F1830921BC02293000E21A5 /* RCFRESTRequestConfigurator.m */ = {isa = PBXFileReference; fileEncoding = 4; lastKnownFileType = sourcecode.c.objc; name = RCFRESTRequestConfigurator.m; path = CoreComponents/RequestConfigurators/ConcreteClasses/RESTRequestConfigurator/RCFRESTRequestConfigurator.m; sourceTree = "<group>"; };
		9F1830991BC022EA000E21A5 /* RCFRESTRequestConfiguratorTests.m */ = {isa = PBXFileReference; fileEncoding = 4; lastKnownFileType = sourcecode.c.objc; name = RCFRESTRequestConfiguratorTests.m; path = CoreLayer/CoreComponents/RequestConfigurators/RESTRequestConfigurator/RCFRESTRequestConfiguratorTests.m; sourceTree = "<group>"; };
		9F18309D1BC024A9000E21A5 /* RCFRequestDataModel.h */ = {isa = PBXFileReference; fileEncoding = 4; lastKnownFileType = sourcecode.c.h; name = RCFRequestDataModel.h; path = CoreComponents/RequestConfigurators/Models/RequestDataModel/RCFRequestDataModel.h; sourceTree = "<group>"; };
		9F18309E1BC024A9000E21A5 /* RCFRequestDataModel.m */ = {isa = PBXFileReference; fileEncoding = 4; lastKnownFileType = sourcecode.c.objc; name = RCFRequestDataModel.m; path = CoreComponents/RequestConfigurators/Models/RequestDataModel/RCFRequestDataModel.m; sourceTree = "<group>"; };
		9F1830A21BC03133000E21A5 /* RCFRequestSigner.h */ = {isa = PBXFileReference; fileEncoding = 4; lastKnownFileType = sourcecode.c.h; name = RCFRequestSigner.h; path = CoreComponents/RequestSigners/Protocols/RCFRequestSigner.h; sourceTree = "<group>"; };
		9F1830A51BC032CF000E21A5 /* RCFParseRequestSigner.h */ = {isa = PBXFileReference; fileEncoding = 4; lastKnownFileType = sourcecode.c.h; name = RCFParseRequestSigner.h; path = CoreComponents/RequestSigners/ConcreteClasses/ParseRequestSigner/RCFParseRequestSigner.h; sourceTree = "<group>"; };
		9F1830A61BC032CF000E21A5 /* RCFParseRequestSigner.m */ = {isa = PBXFileReference; fileEncoding = 4; lastKnownFileType = sourcecode.c.objc; name = RCFParseRequestSigner.m; path = CoreComponents/RequestSigners/ConcreteClasses/ParseRequestSigner/RCFParseRequestSigner.m; sourceTree = "<group>"; };
		9F1830AA1BC1139B000E21A5 /* RCFParseRequestSignerTests.m */ = {isa = PBXFileReference; fileEncoding = 4; lastKnownFileType = sourcecode.c.objc; name = RCFParseRequestSignerTests.m; path = CoreLayer/CoreComponents/RequestSigners/ParseRequestSigner/RCFParseRequestSignerTests.m; sourceTree = "<group>"; };
		9F1F37E41BBBB80D00C7797D /* Conferences.app */ = {isa = PBXFileReference; explicitFileType = wrapper.application; includeInIndex = 0; path = Conferences.app; sourceTree = BUILT_PRODUCTS_DIR; };
		9F1F38001BBBB80D00C7797D /* ConferencesTests.xctest */ = {isa = PBXFileReference; explicitFileType = wrapper.cfbundle; includeInIndex = 0; path = ConferencesTests.xctest; sourceTree = BUILT_PRODUCTS_DIR; };
		9F1F38061BBBB80D00C7797D /* Info.plist */ = {isa = PBXFileReference; lastKnownFileType = text.plist.xml; path = Info.plist; sourceTree = "<group>"; };
/* End PBXFileReference section */

/* Begin PBXFrameworksBuildPhase section */
		9F1F37E11BBBB80D00C7797D /* Frameworks */ = {
			isa = PBXFrameworksBuildPhase;
			buildActionMask = 2147483647;
			files = (
				F826C56E7FA67515D33573A9 /* libPods.a in Frameworks */,
			);
			runOnlyForDeploymentPostprocessing = 0;
		};
		9F1F37FD1BBBB80D00C7797D /* Frameworks */ = {
			isa = PBXFrameworksBuildPhase;
			buildActionMask = 2147483647;
			files = (
				5A5668508B92FC833070BA13 /* libPods-ConferencesTests.a in Frameworks */,
			);
			runOnlyForDeploymentPostprocessing = 0;
		};
/* End PBXFrameworksBuildPhase section */

/* Begin PBXGroup section */
		636B63C51BBDCC060053E38F /* LectureMaterialsService */ = {
			isa = PBXGroup;
			children = (
				636B63C91BBDCC550053E38F /* RCFLectureMaterialsService.h */,
				636B64051BBDD2A40053E38F /* RCFLectureMaterialsServiceImplementation.h */,
				636B64061BBDD2A40053E38F /* RCFLectureMaterialsServiceImplementation.m */,
			);
			path = LectureMaterialsService;
			sourceTree = "<group>";
		};
		636B63C61BBDCC060053E38F /* LectureService */ = {
			isa = PBXGroup;
			children = (
				636B63CA1BBDCC720053E38F /* RCFLectureService.h */,
				636B64021BBDD19A0053E38F /* RCFLectureServiceImplementation.h */,
				636B64031BBDD19A0053E38F /* RCFLectureServiceImplementation.m */,
			);
			path = LectureService;
			sourceTree = "<group>";
		};
		636B63C71BBDCC060053E38F /* SocialNetworkAccountService */ = {
			isa = PBXGroup;
			children = (
				636B63CB1BBDCC910053E38F /* RCFSocialNetworkAccountService.h */,
				636B640B1BBDD5000053E38F /* RCFSocialNetworkAccountServiceImplementation.h */,
				636B640C1BBDD5000053E38F /* RCFSocialNetworkAccountServiceImplementation.m */,
			);
			path = SocialNetworkAccountService;
			sourceTree = "<group>";
		};
		6373A3DE1BBDBDF700DF67FF /* Services */ = {
			isa = PBXGroup;
			children = (
				6373A3DF1BBDBDF700DF67FF /* ConcreteServices */,
			);
			path = Services;
			sourceTree = "<group>";
		};
		6373A3DF1BBDBDF700DF67FF /* ConcreteServices */ = {
			isa = PBXGroup;
			children = (
				6373A3E01BBDBDF700DF67FF /* EventService */,
				636B63C61BBDCC060053E38F /* LectureService */,
				636B63C51BBDCC060053E38F /* LectureMaterialsService */,
				6373A3E11BBDBDF700DF67FF /* RegistrationQuestionService */,
				636B63C71BBDCC060053E38F /* SocialNetworkAccountService */,
				6373A3E31BBDBDF700DF67FF /* SpeakerService */,
			);
			path = ConcreteServices;
			sourceTree = "<group>";
		};
		6373A3E01BBDBDF700DF67FF /* EventService */ = {
			isa = PBXGroup;
			children = (
				6373A3E61BBDBFDC00DF67FF /* RCFEventService.h */,
				636B63FD1BBDD0C70053E38F /* RCFEventServiceEmplementation.h */,
				636B63FE1BBDD0C70053E38F /* RCFEventServiceEmplementation.m */,
			);
			path = EventService;
			sourceTree = "<group>";
		};
		6373A3E11BBDBDF700DF67FF /* RegistrationQuestionService */ = {
			isa = PBXGroup;
			children = (
				6373A3E71BBDC02100DF67FF /* RCFRegistrationQuestionService.h */,
				636B64081BBDD3FA0053E38F /* RCFRegistrationQuestionServiceImplementation.h */,
				636B64091BBDD3FA0053E38F /* RCFRegistrationQuestionServiceImplementation.m */,
			);
			path = RegistrationQuestionService;
			sourceTree = "<group>";
		};
		6373A3E31BBDBDF700DF67FF /* SpeakerService */ = {
			isa = PBXGroup;
			children = (
				6373A3E91BBDC05900DF67FF /* RCFSpeakerService.h */,
				636B640E1BBDD6260053E38F /* RCFSpeakerServiceImplementation.h */,
				636B640F1BBDD6260053E38F /* RCFSpeakerServiceImplementation.m */,
			);
			path = SpeakerService;
			sourceTree = "<group>";
		};
		63FDCDD81BBDBA2A00A43B60 /* Classes */ = {
			isa = PBXGroup;
			children = (
				63FDCDD91BBDBA2A00A43B60 /* ApplicationLayer */,
				63FDCDDD1BBDBA2A00A43B60 /* BusinessLogicLayer */,
				63FDCDDE1BBDBA2A00A43B60 /* Constants */,
				63FDCDDF1BBDBA2A00A43B60 /* CoreLayer */,
				63FDCDE01BBDBA2A00A43B60 /* Extensions */,
				63FDCDE11BBDBA2A00A43B60 /* Helpers */,
				63FDCDE21BBDBA2A00A43B60 /* Models */,
				63FDCDFF1BBDBA2A00A43B60 /* PresentationLayer */,
			);
			name = Classes;
			path = conferences/Classes;
			sourceTree = SOURCE_ROOT;
		};
		63FDCDD91BBDBA2A00A43B60 /* ApplicationLayer */ = {
			isa = PBXGroup;
			children = (
				63FDCDDA1BBDBA2A00A43B60 /* AppDelegate */,
			);
			path = ApplicationLayer;
			sourceTree = "<group>";
		};
		63FDCDDA1BBDBA2A00A43B60 /* AppDelegate */ = {
			isa = PBXGroup;
			children = (
				63FDCDDB1BBDBA2A00A43B60 /* AppDelegate.h */,
				63FDCDDC1BBDBA2A00A43B60 /* AppDelegate.m */,
			);
			path = AppDelegate;
			sourceTree = "<group>";
		};
		63FDCDDD1BBDBA2A00A43B60 /* BusinessLogicLayer */ = {
			isa = PBXGroup;
			children = (
				6373A3DE1BBDBDF700DF67FF /* Services */,
			);
			path = BusinessLogicLayer;
			sourceTree = "<group>";
		};
		63FDCDDE1BBDBA2A00A43B60 /* Constants */ = {
			isa = PBXGroup;
			children = (
			);
			path = Constants;
			sourceTree = "<group>";
		};
		63FDCDDF1BBDBA2A00A43B60 /* CoreLayer */ = {
			isa = PBXGroup;
			children = (
				9F18308B1BC01E65000E21A5 /* CoreComponents */,
			);
			path = CoreLayer;
			sourceTree = "<group>";
		};
		63FDCDE01BBDBA2A00A43B60 /* Extensions */ = {
			isa = PBXGroup;
			children = (
			);
			path = Extensions;
			sourceTree = "<group>";
		};
		63FDCDE11BBDBA2A00A43B60 /* Helpers */ = {
			isa = PBXGroup;
			children = (
			);
			path = Helpers;
			sourceTree = "<group>";
		};
		63FDCDE21BBDBA2A00A43B60 /* Models */ = {
			isa = PBXGroup;
			children = (
				63FDCDE31BBDBA2A00A43B60 /* CoreDataModel */,
				63FDCDE61BBDBA2A00A43B60 /* ManagedObjects */,
			);
			path = Models;
			sourceTree = "<group>";
		};
		63FDCDE31BBDBA2A00A43B60 /* CoreDataModel */ = {
			isa = PBXGroup;
			children = (
				6373A40E1BBDC5EA00DF67FF /* Conference.xcdatamodeld */,
			);
			path = CoreDataModel;
			sourceTree = "<group>";
		};
		63FDCDE61BBDBA2A00A43B60 /* ManagedObjects */ = {
			isa = PBXGroup;
			children = (
				636B63CC1BBDCEEA0053E38F /* Event+CoreDataProperties.h */,
				636B63CD1BBDCEEA0053E38F /* Event+CoreDataProperties.m */,
				636B63CE1BBDCEEA0053E38F /* Event.h */,
				636B63CF1BBDCEEA0053E38F /* Event.m */,
				636B63D01BBDCEEA0053E38F /* Lecture+CoreDataProperties.h */,
				636B63D11BBDCEEA0053E38F /* Lecture+CoreDataProperties.m */,
				636B63D21BBDCEEA0053E38F /* Lecture.h */,
				636B63D31BBDCEEA0053E38F /* Lecture.m */,
				636B63D41BBDCEEA0053E38F /* RegistrationQuestion+CoreDataProperties.h */,
				636B63D51BBDCEEA0053E38F /* RegistrationQuestion+CoreDataProperties.m */,
				636B63D61BBDCEEA0053E38F /* RegistrationQuestion.h */,
				636B63D71BBDCEEA0053E38F /* RegistrationQuestion.m */,
				636B63D81BBDCEEA0053E38F /* SocialNetworkAccount+CoreDataProperties.h */,
				636B63D91BBDCEEA0053E38F /* SocialNetworkAccount+CoreDataProperties.m */,
				636B63DA1BBDCEEA0053E38F /* SocialNetworkAccount.h */,
				636B63DB1BBDCEEA0053E38F /* SocialNetworkAccount.m */,
				636B63DC1BBDCEEA0053E38F /* Speaker+CoreDataProperties.h */,
				636B63DD1BBDCEEA0053E38F /* Speaker+CoreDataProperties.m */,
				636B63DE1BBDCEEA0053E38F /* Speaker.h */,
				636B63DF1BBDCEEA0053E38F /* Speaker.m */,
				636B63E01BBDCEEA0053E38F /* LectureMaterials+CoreDataProperties.h */,
				636B63E11BBDCEEA0053E38F /* LectureMaterials+CoreDataProperties.m */,
				636B63E21BBDCEEA0053E38F /* LectureMaterials.h */,
				636B63E31BBDCEEA0053E38F /* LectureMaterials.m */,
			);
			path = ManagedObjects;
			sourceTree = "<group>";
		};
		63FDCDFF1BBDBA2A00A43B60 /* PresentationLayer */ = {
			isa = PBXGroup;
			children = (
			);
			path = PresentationLayer;
			sourceTree = "<group>";
		};
		63FDCE001BBDBA2A00A43B60 /* Resources */ = {
			isa = PBXGroup;
			children = (
				63FDCE011BBDBA2A00A43B60 /* Images */,
			);
			name = Resources;
			path = conferences/Resources;
			sourceTree = SOURCE_ROOT;
		};
		63FDCE011BBDBA2A00A43B60 /* Images */ = {
			isa = PBXGroup;
			children = (
				63FDCE021BBDBA2A00A43B60 /* Assets.xcassets */,
			);
			path = Images;
			sourceTree = "<group>";
		};
		63FDCE031BBDBA2A00A43B60 /* Supporting Files */ = {
			isa = PBXGroup;
			children = (
				63FDCE041BBDBA2A00A43B60 /* Info.plist */,
				63FDCE051BBDBA2A00A43B60 /* main.m */,
			);
			name = "Supporting Files";
			path = "conferences/Supporting Files";
			sourceTree = SOURCE_ROOT;
		};
		9879306505819DD768BE2239 /* Pods */ = {
			isa = PBXGroup;
			children = (
				559ED4EDBC100544852E4E6A /* Pods.debug.xcconfig */,
				84D2CBEF6E088EFC9A139E49 /* Pods.release.xcconfig */,
				2C01BA17D4018DCA62CC6C3B /* Pods-ConferencesTests.debug.xcconfig */,
				5FED76184BAB5478101AC945 /* Pods-ConferencesTests.release.xcconfig */,
			);
			name = Pods;
			sourceTree = "<group>";
		};
		9F18308B1BC01E65000E21A5 /* CoreComponents */ = {
			isa = PBXGroup;
			children = (
				9F1830A01BC030C1000E21A5 /* RequestSigners */,
				9F18308C1BC01EB3000E21A5 /* RequestConfigurators */,
			);
			name = CoreComponents;
			sourceTree = "<group>";
		};
		9F18308C1BC01EB3000E21A5 /* RequestConfigurators */ = {
			isa = PBXGroup;
			children = (
				9F18309B1BC0248D000E21A5 /* Models */,
				9F18308F1BC02226000E21A5 /* ConcreteClasses */,
				9F18308D1BC01EBB000E21A5 /* Protocols */,
			);
			name = RequestConfigurators;
			sourceTree = "<group>";
		};
		9F18308D1BC01EBB000E21A5 /* Protocols */ = {
			isa = PBXGroup;
			children = (
				9F18308E1BC01F1E000E21A5 /* RCFRequestConfigurator.h */,
			);
			name = Protocols;
			sourceTree = "<group>";
		};
		9F18308F1BC02226000E21A5 /* ConcreteClasses */ = {
			isa = PBXGroup;
			children = (
				9F1830901BC02231000E21A5 /* RESTRequestConfigurator */,
			);
			name = ConcreteClasses;
			sourceTree = "<group>";
		};
		9F1830901BC02231000E21A5 /* RESTRequestConfigurator */ = {
			isa = PBXGroup;
			children = (
				9F1830911BC02293000E21A5 /* RCFRESTRequestConfigurator.h */,
				9F1830921BC02293000E21A5 /* RCFRESTRequestConfigurator.m */,
			);
			name = RESTRequestConfigurator;
			sourceTree = "<group>";
		};
		9F1830941BC0229F000E21A5 /* CoreLayer */ = {
			isa = PBXGroup;
			children = (
				9F1830951BC022A6000E21A5 /* CoreComponents */,
			);
			name = CoreLayer;
			sourceTree = "<group>";
		};
		9F1830951BC022A6000E21A5 /* CoreComponents */ = {
			isa = PBXGroup;
			children = (
				9F1830A81BC11373000E21A5 /* RequestSigners */,
				9F1830961BC022AD000E21A5 /* RequestConfigurators */,
			);
			name = CoreComponents;
			sourceTree = "<group>";
		};
		9F1830961BC022AD000E21A5 /* RequestConfigurators */ = {
			isa = PBXGroup;
			children = (
				9F1830981BC022B9000E21A5 /* RESTRequestConfigurator */,
			);
			name = RequestConfigurators;
			sourceTree = "<group>";
		};
		9F1830981BC022B9000E21A5 /* RESTRequestConfigurator */ = {
			isa = PBXGroup;
			children = (
				9F1830991BC022EA000E21A5 /* RCFRESTRequestConfiguratorTests.m */,
			);
			name = RESTRequestConfigurator;
			sourceTree = "<group>";
		};
		9F18309B1BC0248D000E21A5 /* Models */ = {
			isa = PBXGroup;
			children = (
				9F18309C1BC02491000E21A5 /* RequestDataModel */,
			);
			name = Models;
			sourceTree = "<group>";
		};
		9F18309C1BC02491000E21A5 /* RequestDataModel */ = {
			isa = PBXGroup;
			children = (
				9F18309D1BC024A9000E21A5 /* RCFRequestDataModel.h */,
				9F18309E1BC024A9000E21A5 /* RCFRequestDataModel.m */,
			);
			name = RequestDataModel;
			sourceTree = "<group>";
		};
		9F1830A01BC030C1000E21A5 /* RequestSigners */ = {
			isa = PBXGroup;
			children = (
				9F1830A31BC03210000E21A5 /* ConcreteClasses */,
				9F1830A11BC030CC000E21A5 /* Protocols */,
			);
			name = RequestSigners;
			sourceTree = "<group>";
		};
		9F1830A11BC030CC000E21A5 /* Protocols */ = {
			isa = PBXGroup;
			children = (
				9F1830A21BC03133000E21A5 /* RCFRequestSigner.h */,
			);
			name = Protocols;
			sourceTree = "<group>";
		};
		9F1830A31BC03210000E21A5 /* ConcreteClasses */ = {
			isa = PBXGroup;
			children = (
				9F1830A41BC0321E000E21A5 /* ParseRequestSigner */,
			);
			name = ConcreteClasses;
			sourceTree = "<group>";
		};
		9F1830A41BC0321E000E21A5 /* ParseRequestSigner */ = {
			isa = PBXGroup;
			children = (
				9F1830A51BC032CF000E21A5 /* RCFParseRequestSigner.h */,
				9F1830A61BC032CF000E21A5 /* RCFParseRequestSigner.m */,
			);
			name = ParseRequestSigner;
			sourceTree = "<group>";
		};
		9F1830A81BC11373000E21A5 /* RequestSigners */ = {
			isa = PBXGroup;
			children = (
				9F1830A91BC1137B000E21A5 /* ParseRequestSigner */,
			);
			name = RequestSigners;
			sourceTree = "<group>";
		};
		9F1830A91BC1137B000E21A5 /* ParseRequestSigner */ = {
			isa = PBXGroup;
			children = (
				9F1830AA1BC1139B000E21A5 /* RCFParseRequestSignerTests.m */,
			);
			name = ParseRequestSigner;
			sourceTree = "<group>";
		};
		9F1F37DB1BBBB80D00C7797D = {
			isa = PBXGroup;
			children = (
				9F1F37E61BBBB80D00C7797D /* Conferences */,
				9F1F38031BBBB80D00C7797D /* ConferencesTests */,
				9F1F37E51BBBB80D00C7797D /* Products */,
				9879306505819DD768BE2239 /* Pods */,
				D1799435EABEFA40D1849E2A /* Frameworks */,
			);
			sourceTree = "<group>";
		};
		9F1F37E51BBBB80D00C7797D /* Products */ = {
			isa = PBXGroup;
			children = (
				9F1F37E41BBBB80D00C7797D /* Conferences.app */,
				9F1F38001BBBB80D00C7797D /* ConferencesTests.xctest */,
			);
			name = Products;
			sourceTree = "<group>";
		};
		9F1F37E61BBBB80D00C7797D /* Conferences */ = {
			isa = PBXGroup;
			children = (
				63FDCDD81BBDBA2A00A43B60 /* Classes */,
				63FDCE001BBDBA2A00A43B60 /* Resources */,
				63FDCE031BBDBA2A00A43B60 /* Supporting Files */,
			);
			path = Conferences;
			sourceTree = "<group>";
		};
		9F1F38031BBBB80D00C7797D /* ConferencesTests */ = {
			isa = PBXGroup;
			children = (
				9F1830941BC0229F000E21A5 /* CoreLayer */,
				9F1F38061BBBB80D00C7797D /* Info.plist */,
			);
			path = ConferencesTests;
			sourceTree = "<group>";
		};
		D1799435EABEFA40D1849E2A /* Frameworks */ = {
			isa = PBXGroup;
			children = (
				2A4F504A716A8833A7A01A5D /* libPods.a */,
				5E72B1E234365770B87BDC6D /* libPods-ConferencesTests.a */,
			);
			name = Frameworks;
			sourceTree = "<group>";
		};
/* End PBXGroup section */

/* Begin PBXNativeTarget section */
		9F1F37E31BBBB80D00C7797D /* Conferences */ = {
			isa = PBXNativeTarget;
			buildConfigurationList = 9F1F38091BBBB80D00C7797D /* Build configuration list for PBXNativeTarget "Conferences" */;
			buildPhases = (
				557A799BF98EEBF2A32D64F3 /* Check Pods Manifest.lock */,
				9F1F37E01BBBB80D00C7797D /* Sources */,
				9F1F37E11BBBB80D00C7797D /* Frameworks */,
				9F1F37E21BBBB80D00C7797D /* Resources */,
				AC57B147A39D9B475E98FAA1 /* Copy Pods Resources */,
			);
			buildRules = (
			);
			dependencies = (
			);
			name = Conferences;
			productName = Conferences;
			productReference = 9F1F37E41BBBB80D00C7797D /* Conferences.app */;
			productType = "com.apple.product-type.application";
		};
		9F1F37FF1BBBB80D00C7797D /* ConferencesTests */ = {
			isa = PBXNativeTarget;
			buildConfigurationList = 9F1F380C1BBBB80D00C7797D /* Build configuration list for PBXNativeTarget "ConferencesTests" */;
			buildPhases = (
				E3AB2E0D3DFD6CD81E984FC2 /* Check Pods Manifest.lock */,
				9F1F37FC1BBBB80D00C7797D /* Sources */,
				9F1F37FD1BBBB80D00C7797D /* Frameworks */,
				9F1F37FE1BBBB80D00C7797D /* Resources */,
				EBB7EAEA5A514FA65626B30F /* Copy Pods Resources */,
			);
			buildRules = (
			);
			dependencies = (
				9F1F38021BBBB80D00C7797D /* PBXTargetDependency */,
			);
			name = ConferencesTests;
			productName = ConferencesTests;
			productReference = 9F1F38001BBBB80D00C7797D /* ConferencesTests.xctest */;
			productType = "com.apple.product-type.bundle.unit-test";
		};
/* End PBXNativeTarget section */

/* Begin PBXProject section */
		9F1F37DC1BBBB80D00C7797D /* Project object */ = {
			isa = PBXProject;
			attributes = {
				LastUpgradeCheck = 0700;
				ORGANIZATIONNAME = Rambler;
				TargetAttributes = {
					9F1F37E31BBBB80D00C7797D = {
						CreatedOnToolsVersion = 7.0;
					};
					9F1F37FF1BBBB80D00C7797D = {
						CreatedOnToolsVersion = 7.0;
						TestTargetID = 9F1F37E31BBBB80D00C7797D;
					};
				};
			};
			buildConfigurationList = 9F1F37DF1BBBB80D00C7797D /* Build configuration list for PBXProject "Conferences" */;
			compatibilityVersion = "Xcode 3.2";
			developmentRegion = English;
			hasScannedForEncodings = 0;
			knownRegions = (
				en,
				Base,
			);
			mainGroup = 9F1F37DB1BBBB80D00C7797D;
			productRefGroup = 9F1F37E51BBBB80D00C7797D /* Products */;
			projectDirPath = "";
			projectRoot = "";
			targets = (
				9F1F37E31BBBB80D00C7797D /* Conferences */,
				9F1F37FF1BBBB80D00C7797D /* ConferencesTests */,
			);
		};
/* End PBXProject section */

/* Begin PBXResourcesBuildPhase section */
		9F1F37E21BBBB80D00C7797D /* Resources */ = {
			isa = PBXResourcesBuildPhase;
			buildActionMask = 2147483647;
			files = (
				63FDCE151BBDBA2A00A43B60 /* Info.plist in Resources */,
				63FDCE141BBDBA2A00A43B60 /* Assets.xcassets in Resources */,
			);
			runOnlyForDeploymentPostprocessing = 0;
		};
		9F1F37FE1BBBB80D00C7797D /* Resources */ = {
			isa = PBXResourcesBuildPhase;
			buildActionMask = 2147483647;
			files = (
			);
			runOnlyForDeploymentPostprocessing = 0;
		};
/* End PBXResourcesBuildPhase section */

/* Begin PBXShellScriptBuildPhase section */
		557A799BF98EEBF2A32D64F3 /* Check Pods Manifest.lock */ = {
			isa = PBXShellScriptBuildPhase;
			buildActionMask = 2147483647;
			files = (
			);
			inputPaths = (
			);
			name = "Check Pods Manifest.lock";
			outputPaths = (
			);
			runOnlyForDeploymentPostprocessing = 0;
			shellPath = /bin/sh;
			shellScript = "diff \"${PODS_ROOT}/../Podfile.lock\" \"${PODS_ROOT}/Manifest.lock\" > /dev/null\nif [[ $? != 0 ]] ; then\n    cat << EOM\nerror: The sandbox is not in sync with the Podfile.lock. Run 'pod install' or update your CocoaPods installation.\nEOM\n    exit 1\nfi\n";
			showEnvVarsInLog = 0;
		};
		AC57B147A39D9B475E98FAA1 /* Copy Pods Resources */ = {
			isa = PBXShellScriptBuildPhase;
			buildActionMask = 2147483647;
			files = (
			);
			inputPaths = (
			);
			name = "Copy Pods Resources";
			outputPaths = (
			);
			runOnlyForDeploymentPostprocessing = 0;
			shellPath = /bin/sh;
			shellScript = "\"${SRCROOT}/Pods/Target Support Files/Pods/Pods-resources.sh\"\n";
			showEnvVarsInLog = 0;
		};
		E3AB2E0D3DFD6CD81E984FC2 /* Check Pods Manifest.lock */ = {
			isa = PBXShellScriptBuildPhase;
			buildActionMask = 2147483647;
			files = (
			);
			inputPaths = (
			);
			name = "Check Pods Manifest.lock";
			outputPaths = (
			);
			runOnlyForDeploymentPostprocessing = 0;
			shellPath = /bin/sh;
			shellScript = "diff \"${PODS_ROOT}/../Podfile.lock\" \"${PODS_ROOT}/Manifest.lock\" > /dev/null\nif [[ $? != 0 ]] ; then\n    cat << EOM\nerror: The sandbox is not in sync with the Podfile.lock. Run 'pod install' or update your CocoaPods installation.\nEOM\n    exit 1\nfi\n";
			showEnvVarsInLog = 0;
		};
		EBB7EAEA5A514FA65626B30F /* Copy Pods Resources */ = {
			isa = PBXShellScriptBuildPhase;
			buildActionMask = 2147483647;
			files = (
			);
			inputPaths = (
			);
			name = "Copy Pods Resources";
			outputPaths = (
			);
			runOnlyForDeploymentPostprocessing = 0;
			shellPath = /bin/sh;
			shellScript = "\"${SRCROOT}/Pods/Target Support Files/Pods-ConferencesTests/Pods-ConferencesTests-resources.sh\"\n";
			showEnvVarsInLog = 0;
		};
/* End PBXShellScriptBuildPhase section */

/* Begin PBXSourcesBuildPhase section */
		9F1F37E01BBBB80D00C7797D /* Sources */ = {
			isa = PBXSourcesBuildPhase;
			buildActionMask = 2147483647;
			files = (
				9F1830931BC02293000E21A5 /* RCFRESTRequestConfigurator.m in Sources */,
				9F1830A71BC032CF000E21A5 /* RCFParseRequestSigner.m in Sources */,
				636B63E61BBDCEEA0053E38F /* Lecture+CoreDataProperties.m in Sources */,
				636B64101BBDD6260053E38F /* RCFSpeakerServiceImplementation.m in Sources */,
				636B63ED1BBDCEEA0053E38F /* Speaker.m in Sources */,
				9F18309F1BC024A9000E21A5 /* RCFRequestDataModel.m in Sources */,
				63FDCE061BBDBA2A00A43B60 /* AppDelegate.m in Sources */,
				636B63E81BBDCEEA0053E38F /* RegistrationQuestion+CoreDataProperties.m in Sources */,
				636B64041BBDD19A0053E38F /* RCFLectureServiceImplementation.m in Sources */,
				636B63EA1BBDCEEA0053E38F /* SocialNetworkAccount+CoreDataProperties.m in Sources */,
				63FDCE161BBDBA2A00A43B60 /* main.m in Sources */,
				636B63E51BBDCEEA0053E38F /* Event.m in Sources */,
				636B63E91BBDCEEA0053E38F /* RegistrationQuestion.m in Sources */,
				636B63E41BBDCEEA0053E38F /* Event+CoreDataProperties.m in Sources */,
				636B63EB1BBDCEEA0053E38F /* SocialNetworkAccount.m in Sources */,
				636B64071BBDD2A40053E38F /* RCFLectureMaterialsServiceImplementation.m in Sources */,
				636B63FF1BBDD0C70053E38F /* RCFEventServiceEmplementation.m in Sources */,
				636B63EC1BBDCEEA0053E38F /* Speaker+CoreDataProperties.m in Sources */,
				636B63EF1BBDCEEA0053E38F /* LectureMaterials.m in Sources */,
				636B63EE1BBDCEEA0053E38F /* LectureMaterials+CoreDataProperties.m in Sources */,
				6373A4101BBDC5EA00DF67FF /* Conference.xcdatamodeld in Sources */,
				636B640D1BBDD5000053E38F /* RCFSocialNetworkAccountServiceImplementation.m in Sources */,
				636B63E71BBDCEEA0053E38F /* Lecture.m in Sources */,
				636B640A1BBDD3FA0053E38F /* RCFRegistrationQuestionServiceImplementation.m in Sources */,
			);
			runOnlyForDeploymentPostprocessing = 0;
		};
		9F1F37FC1BBBB80D00C7797D /* Sources */ = {
			isa = PBXSourcesBuildPhase;
			buildActionMask = 2147483647;
			files = (
				9F18309A1BC022EA000E21A5 /* RCFRESTRequestConfiguratorTests.m in Sources */,
				9F1830AB1BC1139B000E21A5 /* RCFParseRequestSignerTests.m in Sources */,
			);
			runOnlyForDeploymentPostprocessing = 0;
		};
/* End PBXSourcesBuildPhase section */

/* Begin PBXTargetDependency section */
		9F1F38021BBBB80D00C7797D /* PBXTargetDependency */ = {
			isa = PBXTargetDependency;
			target = 9F1F37E31BBBB80D00C7797D /* Conferences */;
			targetProxy = 9F1F38011BBBB80D00C7797D /* PBXContainerItemProxy */;
		};
/* End PBXTargetDependency section */

/* Begin XCBuildConfiguration section */
		9F1F38071BBBB80D00C7797D /* Debug */ = {
			isa = XCBuildConfiguration;
			buildSettings = {
				ALWAYS_SEARCH_USER_PATHS = NO;
				CLANG_CXX_LANGUAGE_STANDARD = "gnu++0x";
				CLANG_CXX_LIBRARY = "libc++";
				CLANG_ENABLE_MODULES = YES;
				CLANG_ENABLE_OBJC_ARC = YES;
				CLANG_WARN_BOOL_CONVERSION = YES;
				CLANG_WARN_CONSTANT_CONVERSION = YES;
				CLANG_WARN_DIRECT_OBJC_ISA_USAGE = YES_ERROR;
				CLANG_WARN_EMPTY_BODY = YES;
				CLANG_WARN_ENUM_CONVERSION = YES;
				CLANG_WARN_INT_CONVERSION = YES;
				CLANG_WARN_OBJC_ROOT_CLASS = YES_ERROR;
				CLANG_WARN_UNREACHABLE_CODE = YES;
				CLANG_WARN__DUPLICATE_METHOD_MATCH = YES;
				"CODE_SIGN_IDENTITY[sdk=iphoneos*]" = "iPhone Developer";
				COPY_PHASE_STRIP = NO;
				DEBUG_INFORMATION_FORMAT = dwarf;
				ENABLE_STRICT_OBJC_MSGSEND = YES;
				ENABLE_TESTABILITY = YES;
				GCC_C_LANGUAGE_STANDARD = gnu99;
				GCC_DYNAMIC_NO_PIC = NO;
				GCC_NO_COMMON_BLOCKS = YES;
				GCC_OPTIMIZATION_LEVEL = 0;
				GCC_PREPROCESSOR_DEFINITIONS = (
					"DEBUG=1",
					"$(inherited)",
				);
				GCC_WARN_64_TO_32_BIT_CONVERSION = YES;
				GCC_WARN_ABOUT_RETURN_TYPE = YES_ERROR;
				GCC_WARN_UNDECLARED_SELECTOR = YES;
				GCC_WARN_UNINITIALIZED_AUTOS = YES_AGGRESSIVE;
				GCC_WARN_UNUSED_FUNCTION = YES;
				GCC_WARN_UNUSED_VARIABLE = YES;
				IPHONEOS_DEPLOYMENT_TARGET = 9.0;
				MTL_ENABLE_DEBUG_INFO = YES;
				ONLY_ACTIVE_ARCH = YES;
				SDKROOT = iphoneos;
			};
			name = Debug;
		};
		9F1F38081BBBB80D00C7797D /* Release */ = {
			isa = XCBuildConfiguration;
			buildSettings = {
				ALWAYS_SEARCH_USER_PATHS = NO;
				CLANG_CXX_LANGUAGE_STANDARD = "gnu++0x";
				CLANG_CXX_LIBRARY = "libc++";
				CLANG_ENABLE_MODULES = YES;
				CLANG_ENABLE_OBJC_ARC = YES;
				CLANG_WARN_BOOL_CONVERSION = YES;
				CLANG_WARN_CONSTANT_CONVERSION = YES;
				CLANG_WARN_DIRECT_OBJC_ISA_USAGE = YES_ERROR;
				CLANG_WARN_EMPTY_BODY = YES;
				CLANG_WARN_ENUM_CONVERSION = YES;
				CLANG_WARN_INT_CONVERSION = YES;
				CLANG_WARN_OBJC_ROOT_CLASS = YES_ERROR;
				CLANG_WARN_UNREACHABLE_CODE = YES;
				CLANG_WARN__DUPLICATE_METHOD_MATCH = YES;
				"CODE_SIGN_IDENTITY[sdk=iphoneos*]" = "iPhone Developer";
				COPY_PHASE_STRIP = NO;
				DEBUG_INFORMATION_FORMAT = "dwarf-with-dsym";
				ENABLE_NS_ASSERTIONS = NO;
				ENABLE_STRICT_OBJC_MSGSEND = YES;
				GCC_C_LANGUAGE_STANDARD = gnu99;
				GCC_NO_COMMON_BLOCKS = YES;
				GCC_WARN_64_TO_32_BIT_CONVERSION = YES;
				GCC_WARN_ABOUT_RETURN_TYPE = YES_ERROR;
				GCC_WARN_UNDECLARED_SELECTOR = YES;
				GCC_WARN_UNINITIALIZED_AUTOS = YES_AGGRESSIVE;
				GCC_WARN_UNUSED_FUNCTION = YES;
				GCC_WARN_UNUSED_VARIABLE = YES;
				IPHONEOS_DEPLOYMENT_TARGET = 9.0;
				MTL_ENABLE_DEBUG_INFO = NO;
				SDKROOT = iphoneos;
				VALIDATE_PRODUCT = YES;
			};
			name = Release;
		};
		9F1F380A1BBBB80D00C7797D /* Debug */ = {
			isa = XCBuildConfiguration;
			baseConfigurationReference = 559ED4EDBC100544852E4E6A /* Pods.debug.xcconfig */;
			buildSettings = {
				ASSETCATALOG_COMPILER_APPICON_NAME = AppIcon;
				INFOPLIST_FILE = "Conferences/Supporting Files/Info.plist";
				LD_RUNPATH_SEARCH_PATHS = "$(inherited) @executable_path/Frameworks";
				PRODUCT_BUNDLE_IDENTIFIER = ru.rambler.Conferences;
				PRODUCT_NAME = "$(TARGET_NAME)";
			};
			name = Debug;
		};
		9F1F380B1BBBB80D00C7797D /* Release */ = {
			isa = XCBuildConfiguration;
			baseConfigurationReference = 84D2CBEF6E088EFC9A139E49 /* Pods.release.xcconfig */;
			buildSettings = {
				ASSETCATALOG_COMPILER_APPICON_NAME = AppIcon;
				INFOPLIST_FILE = "Conferences/Supporting Files/Info.plist";
				LD_RUNPATH_SEARCH_PATHS = "$(inherited) @executable_path/Frameworks";
				PRODUCT_BUNDLE_IDENTIFIER = ru.rambler.Conferences;
				PRODUCT_NAME = "$(TARGET_NAME)";
			};
			name = Release;
		};
		9F1F380D1BBBB80D00C7797D /* Debug */ = {
			isa = XCBuildConfiguration;
			baseConfigurationReference = 2C01BA17D4018DCA62CC6C3B /* Pods-ConferencesTests.debug.xcconfig */;
			buildSettings = {
				BUNDLE_LOADER = "$(TEST_HOST)";
				INFOPLIST_FILE = ConferencesTests/Info.plist;
				LD_RUNPATH_SEARCH_PATHS = "$(inherited) @executable_path/Frameworks @loader_path/Frameworks";
				PRODUCT_BUNDLE_IDENTIFIER = ru.rambler.ConferencesTests;
				PRODUCT_NAME = "$(TARGET_NAME)";
				TEST_HOST = "$(BUILT_PRODUCTS_DIR)/Conferences.app/Conferences";
			};
			name = Debug;
		};
		9F1F380E1BBBB80D00C7797D /* Release */ = {
			isa = XCBuildConfiguration;
			baseConfigurationReference = 5FED76184BAB5478101AC945 /* Pods-ConferencesTests.release.xcconfig */;
			buildSettings = {
				BUNDLE_LOADER = "$(TEST_HOST)";
				INFOPLIST_FILE = ConferencesTests/Info.plist;
				LD_RUNPATH_SEARCH_PATHS = "$(inherited) @executable_path/Frameworks @loader_path/Frameworks";
				PRODUCT_BUNDLE_IDENTIFIER = ru.rambler.ConferencesTests;
				PRODUCT_NAME = "$(TARGET_NAME)";
				TEST_HOST = "$(BUILT_PRODUCTS_DIR)/Conferences.app/Conferences";
			};
			name = Release;
		};
/* End XCBuildConfiguration section */

/* Begin XCConfigurationList section */
		9F1F37DF1BBBB80D00C7797D /* Build configuration list for PBXProject "Conferences" */ = {
			isa = XCConfigurationList;
			buildConfigurations = (
				9F1F38071BBBB80D00C7797D /* Debug */,
				9F1F38081BBBB80D00C7797D /* Release */,
			);
			defaultConfigurationIsVisible = 0;
			defaultConfigurationName = Release;
		};
		9F1F38091BBBB80D00C7797D /* Build configuration list for PBXNativeTarget "Conferences" */ = {
			isa = XCConfigurationList;
			buildConfigurations = (
				9F1F380A1BBBB80D00C7797D /* Debug */,
				9F1F380B1BBBB80D00C7797D /* Release */,
			);
			defaultConfigurationIsVisible = 0;
			defaultConfigurationName = Release;
		};
		9F1F380C1BBBB80D00C7797D /* Build configuration list for PBXNativeTarget "ConferencesTests" */ = {
			isa = XCConfigurationList;
			buildConfigurations = (
				9F1F380D1BBBB80D00C7797D /* Debug */,
				9F1F380E1BBBB80D00C7797D /* Release */,
			);
			defaultConfigurationIsVisible = 0;
			defaultConfigurationName = Release;
		};
/* End XCConfigurationList section */

/* Begin XCVersionGroup section */
		6373A40E1BBDC5EA00DF67FF /* Conference.xcdatamodeld */ = {
			isa = XCVersionGroup;
			children = (
				6373A40F1BBDC5EA00DF67FF /* Conference.xcdatamodel */,
			);
			currentVersion = 6373A40F1BBDC5EA00DF67FF /* Conference.xcdatamodel */;
			path = Conference.xcdatamodeld;
			sourceTree = "<group>";
			versionGroupType = wrapper.xcdatamodel;
		};
/* End XCVersionGroup section */
	};
	rootObject = 9F1F37DC1BBBB80D00C7797D /* Project object */;
}
