PODS:
  - AFNetworking (2.6.3):
    - AFNetworking/NSURLConnection (= 2.6.3)
    - AFNetworking/NSURLSession (= 2.6.3)
    - AFNetworking/Reachability (= 2.6.3)
    - AFNetworking/Security (= 2.6.3)
    - AFNetworking/Serialization (= 2.6.3)
    - AFNetworking/UIKit (= 2.6.3)
  - AFNetworking/NSURLConnection (2.6.3):
    - AFNetworking/Reachability
    - AFNetworking/Security
    - AFNetworking/Serialization
  - AFNetworking/NSURLSession (2.6.3):
    - AFNetworking/Reachability
    - AFNetworking/Security
    - AFNetworking/Serialization
  - AFNetworking/Reachability (2.6.3)
  - AFNetworking/Security (2.6.3)
  - AFNetworking/Serialization (2.6.3)
  - AFNetworking/UIKit (2.6.3):
    - AFNetworking/NSURLConnection
    - AFNetworking/NSURLSession
  - Bolts/Tasks (1.8.3)
  - CocoaLumberjack (2.3.0):
    - CocoaLumberjack/Default (= 2.3.0)
    - CocoaLumberjack/Extensions (= 2.3.0)
  - CocoaLumberjack/Core (2.3.0)
  - CocoaLumberjack/Default (2.3.0):
    - CocoaLumberjack/Core
  - CocoaLumberjack/Extensions (2.3.0):
    - CocoaLumberjack/Default
  - Crashlytics (3.7.2):
    - Fabric (~> 1.6.3)
  - CrutchKit/Proxying (0.0.3):
    - CrutchKit/Runtime
  - CrutchKit/Runtime (0.0.3)
  - EasyMapping (0.18.1):
    - EasyMapping/Core (= 0.18.1)
  - EasyMapping/Core (0.18.1)
  - Fabric (1.6.7)
  - libextobjc (0.4.1):
    - libextobjc/EXTADT (= 0.4.1)
    - libextobjc/EXTConcreteProtocol (= 0.4.1)
    - libextobjc/EXTKeyPathCoding (= 0.4.1)
    - libextobjc/EXTNil (= 0.4.1)
    - libextobjc/EXTSafeCategory (= 0.4.1)
    - libextobjc/EXTScope (= 0.4.1)
    - libextobjc/EXTSelectorChecking (= 0.4.1)
    - libextobjc/EXTSynthesize (= 0.4.1)
    - libextobjc/NSInvocation+EXT (= 0.4.1)
    - libextobjc/NSMethodSignature+EXT (= 0.4.1)
    - libextobjc/RuntimeExtensions (= 0.4.1)
    - libextobjc/UmbrellaHeader (= 0.4.1)
  - libextobjc/EXTADT (0.4.1):
    - libextobjc/RuntimeExtensions
  - libextobjc/EXTConcreteProtocol (0.4.1):
    - libextobjc/RuntimeExtensions
  - libextobjc/EXTKeyPathCoding (0.4.1):
    - libextobjc/RuntimeExtensions
  - libextobjc/EXTNil (0.4.1):
    - libextobjc/RuntimeExtensions
  - libextobjc/EXTSafeCategory (0.4.1):
    - libextobjc/RuntimeExtensions
  - libextobjc/EXTScope (0.4.1):
    - libextobjc/RuntimeExtensions
  - libextobjc/EXTSelectorChecking (0.4.1):
    - libextobjc/RuntimeExtensions
  - libextobjc/EXTSynthesize (0.4.1):
    - libextobjc/RuntimeExtensions
  - libextobjc/NSInvocation+EXT (0.4.1):
    - libextobjc/RuntimeExtensions
  - libextobjc/NSMethodSignature+EXT (0.4.1):
    - libextobjc/RuntimeExtensions
  - libextobjc/RuntimeExtensions (0.4.1)
  - libextobjc/UmbrellaHeader (0.4.1)
  - MagicalRecord (2.3.2):
    - MagicalRecord/Core (= 2.3.2)
  - MagicalRecord/Core (2.3.2)
  - MMBarricade (1.0.1):
    - MMBarricade/Core (= 1.0.1)
  - MMBarricade/Core (1.0.1)
  - Nimbus/Collections (1.2.2):
    - Nimbus/Core
  - Nimbus/Core (1.2.2)
  - Nimbus/Models (1.2.2):
    - Nimbus/Core
  - OCMock (3.3.1)
  - Parse (1.13.0):
    - Bolts/Tasks (~> 1.6)
  - PureLayout (3.0.2)
  - RamblerAppDelegateProxy (0.0.1)
  - RamblerSegues (1.1.0):
    - RamblerSegues/Core (= 1.1.0)
    - RamblerSegues/CrossStoryboardSegue (= 1.1.0)
    - RamblerSegues/EmbedSegue (= 1.1.0)
  - RamblerSegues/Core (1.1.0)
  - RamblerSegues/CrossStoryboardSegue (1.1.0)
  - RamblerSegues/EmbedSegue (1.1.0)
  - RamblerTyphoonUtils/AssemblyCollector (1.2.0)
  - RamblerTyphoonUtils/AssemblyTesting (1.2.0)
  - SDWebImage (3.8.1):
    - SDWebImage/Core (= 3.8.1)
  - SDWebImage/Core (3.8.1)
  - Typhoon (3.5.0):
    - Typhoon/no-arc (= 3.5.0)
  - Typhoon/no-arc (3.5.0)
  - UIViewController+Routing (0.1.1)
  - ViperMcFlurry (1.2.0):
    - ViperMcFlurry/Core (= 1.2.0)
    - ViperMcFlurry/IntermoduleDataTransfer (= 1.2.0)
  - ViperMcFlurry/Core (1.2.0)
  - ViperMcFlurry/IntermoduleDataTransfer (1.2.0):
    - ViperMcFlurry/Core

DEPENDENCIES:
  - AFNetworking (~> 2.6)
  - CocoaLumberjack (~> 2.0)
  - Crashlytics
  - CrutchKit/Proxying (from `https://github.com/CognitiveDisson/CrutchKit`, tag `0.0.3`)
  - EasyMapping (~> 0.15)
  - Fabric
  - libextobjc (~> 0.4)
  - MagicalRecord (~> 2.3)
  - MMBarricade (~> 1.0.1)
  - Nimbus/Collections (from `https://github.com/rambler-ios/nimbus`)
  - Nimbus/Models (from `https://github.com/rambler-ios/nimbus`)
  - OCMock (~> 3.1)
  - Parse (~> 1.8)
  - PureLayout (~> 3.0)
  - RamblerAppDelegateProxy
  - RamblerSegues
  - RamblerTyphoonUtils/AssemblyCollector
  - RamblerTyphoonUtils/AssemblyTesting
  - SDWebImage (~> 3.7)
  - Typhoon (~> 3.3)
  - UIViewController+Routing (~> 0.1.0)
  - ViperMcFlurry (~> 1.1)

EXTERNAL SOURCES:
  CrutchKit:
    :git: https://github.com/CognitiveDisson/CrutchKit
    :tag: 0.0.3
  Nimbus:
    :git: https://github.com/rambler-ios/nimbus

CHECKOUT OPTIONS:
  CrutchKit:
    :git: https://github.com/CognitiveDisson/CrutchKit
    :tag: 0.0.3
  Nimbus:
    :commit: dbe381217100e68c22d6fdf8780f493d57d9f5d2
    :git: https://github.com/rambler-ios/nimbus

SPEC CHECKSUMS:
  AFNetworking: cb8d14a848e831097108418f5d49217339d4eb60
  Bolts: 52551f96df2f8aac6b4414347f3f8353a39f1966
  CocoaLumberjack: 97fab7ee5f507fe54445cca7ea80f926729cfd15
  Crashlytics: 130ab943f8c78cda7a814b434f270b2e2c8a3cba
  CrutchKit: 32f7fc708ce823010b27f5fa7bc11fc22d0e09bb
  EasyMapping: 2637b5bac13b6450bc799c28791a419e58c946b0
  Fabric: caf7580c725e64db144f610ac65cd60956911dc7
  libextobjc: a650fc1bf489a3d3a9bc2e621efa3e1006fc5471
  MagicalRecord: 53bed74b4323b930992a725be713e53b37d19755
  MMBarricade: 61e17f747baa1a33cd7f8a9c75d520ca958508dd
  Nimbus: 355131d4656498bf072fecc142752a9f343eb59b
  OCMock: f3f61e6eaa16038c30caa5798c5e49d3307b6f22
  Parse: f51c24d2feb412e4b2d6cc73d37cb24e8d0089bc
  PureLayout: 4d550abe49a94f24c2808b9b95db9131685fe4cd
  RamblerAppDelegateProxy: 8926ec7e066d4f4aabf965a32126c747d32498a7
  RamblerSegues: e4b34295ede5203115b53f6b749c14d9ba6b9e5e
  RamblerTyphoonUtils: 814c02d7a0136a164efaae1133f47db1e4579cd0
  SDWebImage: 35f9627a3e44b4f292a8a8ce6a531fa488239b91
  Typhoon: 6def9f3abad5be6b2c035103c7dde1c887c48e45
  UIViewController+Routing: 6d34de88e5a30250d453f49ddd5993212f279b9a
  ViperMcFlurry: dc0aed190c3485fc6c95a50375d2e9812c9adb7e

COCOAPODS: 0.39.0
