PODS:
  - AFNetworking (2.6.3):
    - AFNetworking/NSURLConnection (= 2.6.3)
    - AFNetworking/NSURLSession (= 2.6.3)
    - AFNetworking/Reachability (= 2.6.3)
    - AFNetworking/Security (= 2.6.3)
    - AFNetworking/Serialization (= 2.6.3)
    - AFNetworking/UIKit (= 2.6.3)
  - AFNetworking/NSURLConnection (2.6.3):
    - AFNetworking/Reachability
    - AFNetworking/Security
    - AFNetworking/Serialization
  - AFNetworking/NSURLSession (2.6.3):
    - AFNetworking/Reachability
    - AFNetworking/Security
    - AFNetworking/Serialization
  - AFNetworking/Reachability (2.6.3)
  - AFNetworking/Security (2.6.3)
  - AFNetworking/Serialization (2.6.3)
  - AFNetworking/UIKit (2.6.3):
    - AFNetworking/NSURLConnection
    - AFNetworking/NSURLSession
  - Bolts/Tasks (1.4.0)
  - CocoaLumberjack (2.2.0):
    - CocoaLumberjack/Default (= 2.2.0)
    - CocoaLumberjack/Extensions (= 2.2.0)
  - CocoaLumberjack/Core (2.2.0)
  - CocoaLumberjack/Default (2.2.0):
    - CocoaLumberjack/Core
  - CocoaLumberjack/Extensions (2.2.0):
    - CocoaLumberjack/Default
  - Crashlytics (3.7.0):
    - Fabric (~> 1.6.3)
  - CrutchKit/Proxying (0.0.10):
    - CrutchKit/Runtime
  - CrutchKit/Runtime (0.0.10)
  - EasyMapping (0.15.3):
    - EasyMapping/Core (= 0.15.3)
  - EasyMapping/Core (0.15.3)
  - Fabric (1.6.7)
  - libextobjc (0.4.1):
    - libextobjc/EXTADT (= 0.4.1)
    - libextobjc/EXTConcreteProtocol (= 0.4.1)
    - libextobjc/EXTKeyPathCoding (= 0.4.1)
    - libextobjc/EXTNil (= 0.4.1)
    - libextobjc/EXTSafeCategory (= 0.4.1)
    - libextobjc/EXTScope (= 0.4.1)
    - libextobjc/EXTSelectorChecking (= 0.4.1)
    - libextobjc/EXTSynthesize (= 0.4.1)
    - libextobjc/NSInvocation+EXT (= 0.4.1)
    - libextobjc/NSMethodSignature+EXT (= 0.4.1)
    - libextobjc/RuntimeExtensions (= 0.4.1)
    - libextobjc/UmbrellaHeader (= 0.4.1)
  - libextobjc/EXTADT (0.4.1):
    - libextobjc/RuntimeExtensions
  - libextobjc/EXTConcreteProtocol (0.4.1):
    - libextobjc/RuntimeExtensions
  - libextobjc/EXTKeyPathCoding (0.4.1):
    - libextobjc/RuntimeExtensions
  - libextobjc/EXTNil (0.4.1):
    - libextobjc/RuntimeExtensions
  - libextobjc/EXTSafeCategory (0.4.1):
    - libextobjc/RuntimeExtensions
  - libextobjc/EXTScope (0.4.1):
    - libextobjc/RuntimeExtensions
  - libextobjc/EXTSelectorChecking (0.4.1):
    - libextobjc/RuntimeExtensions
  - libextobjc/EXTSynthesize (0.4.1):
    - libextobjc/RuntimeExtensions
  - libextobjc/NSInvocation+EXT (0.4.1):
    - libextobjc/RuntimeExtensions
  - libextobjc/NSMethodSignature+EXT (0.4.1):
    - libextobjc/RuntimeExtensions
  - libextobjc/RuntimeExtensions (0.4.1)
  - libextobjc/UmbrellaHeader (0.4.1)
  - MagicalRecord (2.3.0)
  - MMBarricade (1.0.1):
    - MMBarricade/Core (= 1.0.1)
  - MMBarricade/Core (1.0.1)
  - Nimbus/Collections (1.2.2):
    - Nimbus/Core
  - Nimbus/Core (1.2.2)
  - Nimbus/Models (1.2.2):
    - Nimbus/Core
  - OCMock (3.2)
  - Parse (1.9.1):
    - Bolts/Tasks (>= 1.4.0)
  - PureLayout (3.0.1)
  - RamblerAppDelegateProxy (0.0.1)
  - RamblerSegues (1.1.0):
    - RamblerSegues/Core (= 1.1.0)
    - RamblerSegues/CrossStoryboardSegue (= 1.1.0)
    - RamblerSegues/EmbedSegue (= 1.1.0)
  - RamblerSegues/Core (1.1.0)
  - RamblerSegues/CrossStoryboardSegue (1.1.0)
  - RamblerSegues/EmbedSegue (1.1.0)
  - RamblerTyphoonUtils/AssemblyCollector (1.1.0)
  - RamblerTyphoonUtils/AssemblyTesting (1.1.0)
  - SDWebImage (3.7.3):
    - SDWebImage/Core (= 3.7.3)
  - SDWebImage/Core (3.7.3)
  - Typhoon (3.4.3):
    - Typhoon/no-arc (= 3.4.3)
  - Typhoon/no-arc (3.4.3)
  - UICollectionViewLeftAlignedLayout (1.0.1)
  - UIViewController+Routing (0.1.1)
  - ViperMcFlurry (1.1.5):
    - ViperMcFlurry/Core (= 1.1.5)
    - ViperMcFlurry/IntermoduleDataTransfer (= 1.1.5)
  - ViperMcFlurry/Core (1.1.5)
  - ViperMcFlurry/IntermoduleDataTransfer (1.1.5):
    - ViperMcFlurry/Core

DEPENDENCIES:
  - AFNetworking (~> 2.6)
  - CocoaLumberjack (~> 2.0)
  - Crashlytics
  - CrutchKit/Proxying (from `https://github.com/CognitiveDisson/CrutchKit`, tag `0.0.10`)
  - EasyMapping (~> 0.15)
  - Fabric
  - libextobjc (~> 0.4)
  - MagicalRecord (~> 2.3)
  - MMBarricade (~> 1.0.1)
  - Nimbus/Collections (from `https://github.com/rambler-ios/nimbus`)
  - Nimbus/Models (from `https://github.com/rambler-ios/nimbus`)
  - OCMock (~> 3.1)
  - Parse (~> 1.8)
  - PureLayout (~> 3.0)
  - RamblerAppDelegateProxy
  - RamblerSegues
  - RamblerTyphoonUtils/AssemblyCollector
  - RamblerTyphoonUtils/AssemblyTesting (= 1.1.0)
  - SDWebImage (~> 3.7)
  - Typhoon (~> 3.3)
  - UICollectionViewLeftAlignedLayout (= 1.0.1)
  - UIViewController+Routing (~> 0.1.0)
  - ViperMcFlurry (~> 1.1)

EXTERNAL SOURCES:
  CrutchKit:
    :git: https://github.com/CognitiveDisson/CrutchKit
    :tag: 0.0.10
  Nimbus:
    :git: https://github.com/rambler-ios/nimbus

CHECKOUT OPTIONS:
  CrutchKit:
    :git: https://github.com/CognitiveDisson/CrutchKit
    :tag: 0.0.10
  Nimbus:
    :commit: dbe381217100e68c22d6fdf8780f493d57d9f5d2
    :git: https://github.com/rambler-ios/nimbus

SPEC CHECKSUMS:
  AFNetworking: cb8d14a848e831097108418f5d49217339d4eb60
  Bolts: 0e9bce58b9b9f5e8a7a4d47b16d2fabec289072b
  CocoaLumberjack: 17fe8581f84914d5d7e6360f7c70022b173c3ae0
  Crashlytics: c3a2333dea9e2733d2777f730910321fc9e25c0d
  CrutchKit: 562cf1276c995cb3e575d468684da7eb7ae2a93c
  EasyMapping: 5baf5a9a814538fdac4859cf56270ae761dd904a
  Fabric: caf7580c725e64db144f610ac65cd60956911dc7
  libextobjc: a650fc1bf489a3d3a9bc2e621efa3e1006fc5471
  MagicalRecord: 89eb7d7ead39fb37f01c3d010665ee94d17f8dba
  MMBarricade: 61e17f747baa1a33cd7f8a9c75d520ca958508dd
  Nimbus: 355131d4656498bf072fecc142752a9f343eb59b
  OCMock: 28def049ef47f996b515a8eeea958be7ccab2dbb
  Parse: 54a965c8c19a6dde90284ab654dbcc77ef8c001b
  PureLayout: f35f5384c9c4e4479df041dbe33ad7577b71ddfb
  RamblerAppDelegateProxy: 8926ec7e066d4f4aabf965a32126c747d32498a7
  RamblerSegues: e4b34295ede5203115b53f6b749c14d9ba6b9e5e
  RamblerTyphoonUtils: c799c606d7406002bf56f376443763b15947be8c
  SDWebImage: 1d2b1a1efda1ade1b00b6f8498865f8ddedc8a84
  Typhoon: 382b918b31d5d19a82922448af65f01f08102dc6
  UICollectionViewLeftAlignedLayout: 6d10790db3e07958d91bd910d8b8e9dad952b1ef
  UIViewController+Routing: 6d34de88e5a30250d453f49ddd5993212f279b9a
  ViperMcFlurry: 74116ba3fcb0add7b9432e81cd3accc784694305

COCOAPODS: 0.39.0
